
Microsoft Visual Studio Solution File, Format Version 12.00
# Visual Studio Version 17
VisualStudioVersion = 17.2.32630.192
MinimumVisualStudioVersion = 10.0.40219.1
Project("{2150E333-8FDC-42A3-9474-1A3956D46DE8}") = "Shared", "Shared", "{47B274A1-CE1F-4EC2-979C-035DF6A23BAA}"
	ProjectSection(SolutionItems) = preProject
		Shared\icon.png = Shared\icon.png
		Shared\Shared.nuspec = Shared\Shared.nuspec
	EndProjectSection
EndProject
Project("{FAE04EC0-301F-11D3-BF4B-00C04F79EFBC}") = "Utils", "Utils\Utils.csproj", "{0AD00CC1-C758-4C35-8AE5-C6EE26EBA096}"
EndProject
Project("{FAE04EC0-301F-11D3-BF4B-00C04F79EFBC}") = "Testing", "Testing\Testing.csproj", "{250D5678-8490-4E0A-8A89-09032CD96AAD}"
EndProject
Project("{FAE04EC0-301F-11D3-BF4B-00C04F79EFBC}") = "Reporting", "Reporting\Reporting.csproj", "{EAFD69E8-95B4-4CFA-9C7A-D0A08DE82197}"
EndProject
Global
	GlobalSection(SolutionConfigurationPlatforms) = preSolution
		Debug|Any CPU = Debug|Any CPU
		Release|Any CPU = Release|Any CPU
	EndGlobalSection
	GlobalSection(ProjectConfigurationPlatforms) = postSolution
		{0AD00CC1-C758-4C35-8AE5-C6EE26EBA096}.Debug|Any CPU.ActiveCfg = Debug|Any CPU
		{0AD00CC1-C758-4C35-8AE5-C6EE26EBA096}.Debug|Any CPU.Build.0 = Debug|Any CPU
		{0AD00CC1-C758-4C35-8AE5-C6EE26EBA096}.Release|Any CPU.ActiveCfg = Release|Any CPU
		{0AD00CC1-C758-4C35-8AE5-C6EE26EBA096}.Release|Any CPU.Build.0 = Release|Any CPU
		{250D5678-8490-4E0A-8A89-09032CD96AAD}.Debug|Any CPU.ActiveCfg = Debug|Any CPU
		{250D5678-8490-4E0A-8A89-09032CD96AAD}.Debug|Any CPU.Build.0 = Debug|Any CPU
		{250D5678-8490-4E0A-8A89-09032CD96AAD}.Release|Any CPU.ActiveCfg = Release|Any CPU
		{250D5678-8490-4E0A-8A89-09032CD96AAD}.Release|Any CPU.Build.0 = Release|Any CPU
		{EAFD69E8-95B4-4CFA-9C7A-D0A08DE82197}.Debug|Any CPU.ActiveCfg = Debug|Any CPU
		{EAFD69E8-95B4-4CFA-9C7A-D0A08DE82197}.Debug|Any CPU.Build.0 = Debug|Any CPU
		{EAFD69E8-95B4-4CFA-9C7A-D0A08DE82197}.Release|Any CPU.ActiveCfg = Release|Any CPU
		{EAFD69E8-95B4-4CFA-9C7A-D0A08DE82197}.Release|Any CPU.Build.0 = Release|Any CPU
	EndGlobalSection
	GlobalSection(SolutionProperties) = preSolution
		HideSolutionNode = FALSE
	EndGlobalSection
	GlobalSection(ExtensibilityGlobals) = postSolution
		SolutionGuid = {1B803DE6-E7B8-474B-BF14-9B48D5B1DDF6}
	EndGlobalSection
EndGlobal
